
Microsoft Visual Studio Solution File, Format Version 12.00
# Visual Studio Version 16
VisualStudioVersion = 16.0.33130.400
MinimumVisualStudioVersion = 10.0.40219.1
Project("{F184B08F-C81C-45F6-A57F-5ABD9991F28F}") = "test_opc", "test_opc\test_opc.vbproj", "{23177C17-B2CB-478F-9AB9-384A7EB77284}"
EndProject
Global
	GlobalSection(SolutionConfigurationPlatforms) = preSolution
		Debug|Any CPU = Debug|Any CPU
		Release|Any CPU = Release|Any CPU
	EndGlobalSection
	GlobalSection(ProjectConfigurationPlatforms) = postSolution
		{23177C17-B2CB-478F-9AB9-384A7EB77284}.Debug|Any CPU.ActiveCfg = Debug|Any CPU
		{23177C17-B2CB-478F-9AB9-384A7EB77284}.Debug|Any CPU.Build.0 = Debug|Any CPU
		{23177C17-B2CB-478F-9AB9-384A7EB77284}.Release|Any CPU.ActiveCfg = Release|Any CPU
		{23177C17-B2CB-478F-9AB9-384A7EB77284}.Release|Any CPU.Build.0 = Release|Any CPU
	EndGlobalSection
	GlobalSection(SolutionProperties) = preSolution
		HideSolutionNode = FALSE
	EndGlobalSection
	GlobalSection(ExtensibilityGlobals) = postSolution
		SolutionGuid = {821955FD-12B9-4F65-B608-AE939917B528}
	EndGlobalSection
EndGlobal
